
Microsoft Visual Studio Solution File, Format Version 12.00
# Visual Studio 15
VisualStudioVersion = 15.0.28307.271
MinimumVisualStudioVersion = 10.0.40219.1
Project("{9A19103F-16F7-4668-BE54-9A1E7A4F7556}") = "fifaAdministration", "fifaAdministration\fifaAdministration.csproj", "{0B64F04E-7810-48C4-AF6C-21C5A6E4375D}"
EndProject
Global
	GlobalSection(SolutionConfigurationPlatforms) = preSolution
		Debug|Any CPU = Debug|Any CPU
		Release|Any CPU = Release|Any CPU
	EndGlobalSection
	GlobalSection(ProjectConfigurationPlatforms) = postSolution
		{0B64F04E-7810-48C4-AF6C-21C5A6E4375D}.Debug|Any CPU.ActiveCfg = Debug|Any CPU
		{0B64F04E-7810-48C4-AF6C-21C5A6E4375D}.Debug|Any CPU.Build.0 = Debug|Any CPU
		{0B64F04E-7810-48C4-AF6C-21C5A6E4375D}.Release|Any CPU.ActiveCfg = Release|Any CPU
		{0B64F04E-7810-48C4-AF6C-21C5A6E4375D}.Release|Any CPU.Build.0 = Release|Any CPU
	EndGlobalSection
	GlobalSection(SolutionProperties) = preSolution
		HideSolutionNode = FALSE
	EndGlobalSection
	GlobalSection(ExtensibilityGlobals) = postSolution
		SolutionGuid = {0EE29324-FF14-4399-9DAB-81521A98FCA1}
	EndGlobalSection
EndGlobal
